
Microsoft Visual Studio Solution File, Format Version 12.00
# Visual Studio Version 17
VisualStudioVersion = 17.5.33627.172
MinimumVisualStudioVersion = 10.0.40219.1
Project("{FAE04EC0-301F-11D3-BF4B-00C04F79EFBC}") = "FindUnusedResources", "FindUnusedResources\FindUnusedResources.csproj", "{35C6DB22-BE9F-4E60-B95C-739CC7165DF3}"
EndProject
Project("{FAE04EC0-301F-11D3-BF4B-00C04F79EFBC}") = "FindUnusedResources.Console", "FindUnusedResources.Console\FindUnusedResources.Console.csproj", "{54DD8326-A39C-441E-BBFA-8F26E7379D46}"
EndProject
Global
	GlobalSection(SolutionConfigurationPlatforms) = preSolution
		Debug|Any CPU = Debug|Any CPU
		Release|Any CPU = Release|Any CPU
	EndGlobalSection
	GlobalSection(ProjectConfigurationPlatforms) = postSolution
		{35C6DB22-BE9F-4E60-B95C-739CC7165DF3}.Debug|Any CPU.ActiveCfg = Debug|Any CPU
		{35C6DB22-BE9F-4E60-B95C-739CC7165DF3}.Debug|Any CPU.Build.0 = Debug|Any CPU
		{35C6DB22-BE9F-4E60-B95C-739CC7165DF3}.Release|Any CPU.ActiveCfg = Release|Any CPU
		{35C6DB22-BE9F-4E60-B95C-739CC7165DF3}.Release|Any CPU.Build.0 = Release|Any CPU
		{54DD8326-A39C-441E-BBFA-8F26E7379D46}.Debug|Any CPU.ActiveCfg = Debug|Any CPU
		{54DD8326-A39C-441E-BBFA-8F26E7379D46}.Debug|Any CPU.Build.0 = Debug|Any CPU
		{54DD8326-A39C-441E-BBFA-8F26E7379D46}.Release|Any CPU.ActiveCfg = Release|Any CPU
		{54DD8326-A39C-441E-BBFA-8F26E7379D46}.Release|Any CPU.Build.0 = Release|Any CPU
	EndGlobalSection
	GlobalSection(SolutionProperties) = preSolution
		HideSolutionNode = FALSE
	EndGlobalSection
	GlobalSection(ExtensibilityGlobals) = postSolution
		SolutionGuid = {B13845E6-990F-4BC9-B14E-2CD349592F9F}
	EndGlobalSection
EndGlobal
